
Microsoft Visual Studio Solution File, Format Version 12.00
# Visual Studio 15
VisualStudioVersion = 15.0.28307.329
MinimumVisualStudioVersion = 10.0.40219.1
Project("{FAE04EC0-301F-11D3-BF4B-00C04F79EFBC}") = "WebApplication8", "WebApplication8\WebApplication8.csproj", "{90B8812B-AE24-45E8-AA3F-9F5CB2131E20}"
EndProject
Global
	GlobalSection(SolutionConfigurationPlatforms) = preSolution
		Debug|Any CPU = Debug|Any CPU
		Release|Any CPU = Release|Any CPU
	EndGlobalSection
	GlobalSection(ProjectConfigurationPlatforms) = postSolution
		{90B8812B-AE24-45E8-AA3F-9F5CB2131E20}.Debug|Any CPU.ActiveCfg = Debug|Any CPU
		{90B8812B-AE24-45E8-AA3F-9F5CB2131E20}.Debug|Any CPU.Build.0 = Debug|Any CPU
		{90B8812B-AE24-45E8-AA3F-9F5CB2131E20}.Release|Any CPU.ActiveCfg = Release|Any CPU
		{90B8812B-AE24-45E8-AA3F-9F5CB2131E20}.Release|Any CPU.Build.0 = Release|Any CPU
	EndGlobalSection
	GlobalSection(SolutionProperties) = preSolution
		HideSolutionNode = FALSE
	EndGlobalSection
	GlobalSection(ExtensibilityGlobals) = postSolution
		SolutionGuid = {2E0D9662-3B9D-44F0-B5CE-5A47427815B5}
	EndGlobalSection
EndGlobal
